
Microsoft Visual Studio Solution File, Format Version 12.00
# Visual Studio Version 17
VisualStudioVersion = 17.4.33122.133
MinimumVisualStudioVersion = 10.0.40219.1
Project("{FAE04EC0-301F-11D3-BF4B-00C04F79EFBC}") = "CalenderAPITask", "CalenderAPITask.csproj", "{0873305E-6288-459E-B5A3-2996B316F310}"
EndProject
Global
	GlobalSection(SolutionConfigurationPlatforms) = preSolution
		Debug|Any CPU = Debug|Any CPU
		Release|Any CPU = Release|Any CPU
	EndGlobalSection
	GlobalSection(ProjectConfigurationPlatforms) = postSolution
		{0873305E-6288-459E-B5A3-2996B316F310}.Debug|Any CPU.ActiveCfg = Debug|Any CPU
		{0873305E-6288-459E-B5A3-2996B316F310}.Debug|Any CPU.Build.0 = Debug|Any CPU
		{0873305E-6288-459E-B5A3-2996B316F310}.Release|Any CPU.ActiveCfg = Release|Any CPU
		{0873305E-6288-459E-B5A3-2996B316F310}.Release|Any CPU.Build.0 = Release|Any CPU
	EndGlobalSection
	GlobalSection(SolutionProperties) = preSolution
		HideSolutionNode = FALSE
	EndGlobalSection
	GlobalSection(ExtensibilityGlobals) = postSolution
		SolutionGuid = {BCB3E5C8-4F1E-4EA8-952D-6172DD36F414}
	EndGlobalSection
EndGlobal
